
Microsoft Visual Studio Solution File, Format Version 12.00
# Visual Studio Version 17
VisualStudioVersion = 17.0.32014.148
MinimumVisualStudioVersion = 10.0.40219.1
Project("{2150E333-8FDC-42A3-9474-1A3956D46DE8}") = "src", "src", "{ABA143A6-9491-458D-B170-3548175A273D}"
EndProject
Project("{9A19103F-16F7-4668-BE54-9A1E7A4F7556}") = "Cp.ContactInformationService", "Cp.ContactInformationService\Cp.ContactInformationService.csproj", "{4184EE63-258C-4706-B931-35BE8422763D}"
EndProject
Global
	GlobalSection(SolutionConfigurationPlatforms) = preSolution
		Debug|Any CPU = Debug|Any CPU
		Release|Any CPU = Release|Any CPU
	EndGlobalSection
	GlobalSection(ProjectConfigurationPlatforms) = postSolution
		{4184EE63-258C-4706-B931-35BE8422763D}.Debug|Any CPU.ActiveCfg = Debug|Any CPU
		{4184EE63-258C-4706-B931-35BE8422763D}.Debug|Any CPU.Build.0 = Debug|Any CPU
		{4184EE63-258C-4706-B931-35BE8422763D}.Release|Any CPU.ActiveCfg = Release|Any CPU
		{4184EE63-258C-4706-B931-35BE8422763D}.Release|Any CPU.Build.0 = Release|Any CPU
	EndGlobalSection
	GlobalSection(SolutionProperties) = preSolution
		HideSolutionNode = FALSE
	EndGlobalSection
	GlobalSection(NestedProjects) = preSolution
		{4184EE63-258C-4706-B931-35BE8422763D} = {ABA143A6-9491-458D-B170-3548175A273D}
	EndGlobalSection
	GlobalSection(ExtensibilityGlobals) = postSolution
		SolutionGuid = {347CEE78-F235-4E80-8651-6145B74923E8}
	EndGlobalSection
EndGlobal
